
Microsoft Visual Studio Solution File, Format Version 12.00
# Visual Studio 15
VisualStudioVersion = 15.0.28307.572
MinimumVisualStudioVersion = 10.0.40219.1
Project("{FAE04EC0-301F-11D3-BF4B-00C04F79EFBC}") = "BBHA Desktop", "BBHA Desktop\BBHA Desktop.csproj", "{A00173CF-6CF6-4F04-84C8-DA4D0B7C8625}"
EndProject
Project("{54435603-DBB4-11D2-8724-00A0C9A8B90C}") = "BBHA Desktop Setup", "BBHA Desktop Setup\BBHA Desktop Setup.vdproj", "{0301FA4B-E05B-45DF-854C-0C1CD281C851}"
EndProject
Global
	GlobalSection(SolutionConfigurationPlatforms) = preSolution
		Debug|Any CPU = Debug|Any CPU
		Release|Any CPU = Release|Any CPU
	EndGlobalSection
	GlobalSection(ProjectConfigurationPlatforms) = postSolution
		{A00173CF-6CF6-4F04-84C8-DA4D0B7C8625}.Debug|Any CPU.ActiveCfg = Debug|Any CPU
		{A00173CF-6CF6-4F04-84C8-DA4D0B7C8625}.Debug|Any CPU.Build.0 = Debug|Any CPU
		{A00173CF-6CF6-4F04-84C8-DA4D0B7C8625}.Release|Any CPU.ActiveCfg = Release|Any CPU
		{A00173CF-6CF6-4F04-84C8-DA4D0B7C8625}.Release|Any CPU.Build.0 = Release|Any CPU
		{0301FA4B-E05B-45DF-854C-0C1CD281C851}.Debug|Any CPU.ActiveCfg = Debug
		{0301FA4B-E05B-45DF-854C-0C1CD281C851}.Release|Any CPU.ActiveCfg = Release
	EndGlobalSection
	GlobalSection(SolutionProperties) = preSolution
		HideSolutionNode = FALSE
	EndGlobalSection
	GlobalSection(ExtensibilityGlobals) = postSolution
		SolutionGuid = {41023D4A-8417-405B-BFF1-EFDC4EF9B4DF}
	EndGlobalSection
EndGlobal
